id: keller-knoblock
canonical_name: Keller Knoblock
sort_name: Knoblock, Keller
aliases:
  - id: default
    name: Keller Knoblock
    alias_type: legal
credits:
  - show: shield-of-tomorrow
    role: player
    season: 1
    character: Johnson
    alias: default
    sources:
      - tier: reference
        url: https://www.imdb.com/title/tt7142196/fullcredits/
        note: IMDb full cast and crew for "Shield of Tomorrow" (2017), via the official
          datasets.
